
Microsoft Visual Studio Solution File, Format Version 11.00
# Visual Studio 2010
Project("{FAE04EC0-301F-11D3-BF4B-00C04F79EFBC}") = "VuforiaScripts", "VuforiaScripts.csproj", "{C8C495BA-1D02-30F8-F6B5-C0F8BCF95FA7}"
EndProject
Project("{FAE04EC0-301F-11D3-BF4B-00C04F79EFBC}") = "Assembly-CSharp", "Assembly-CSharp.csproj", "{56F43E39-6D96-52F8-78C8-9371559D8BE4}"
EndProject
Project("{FAE04EC0-301F-11D3-BF4B-00C04F79EFBC}") = "VuforiaEditorScripts", "VuforiaEditorScripts.csproj", "{0793FE47-E7F7-10A5-DE18-052663624A46}"
EndProject
Global
	GlobalSection(SolutionConfigurationPlatforms) = preSolution
		Debug|Any CPU = Debug|Any CPU
		Release|Any CPU = Release|Any CPU
	EndGlobalSection
	GlobalSection(ProjectConfigurationPlatforms) = postSolution
		{C8C495BA-1D02-30F8-F6B5-C0F8BCF95FA7}.Debug|Any CPU.ActiveCfg = Debug|Any CPU
		{C8C495BA-1D02-30F8-F6B5-C0F8BCF95FA7}.Debug|Any CPU.Build.0 = Debug|Any CPU
		{C8C495BA-1D02-30F8-F6B5-C0F8BCF95FA7}.Release|Any CPU.ActiveCfg = Release|Any CPU
		{C8C495BA-1D02-30F8-F6B5-C0F8BCF95FA7}.Release|Any CPU.Build.0 = Release|Any CPU
		{56F43E39-6D96-52F8-78C8-9371559D8BE4}.Debug|Any CPU.ActiveCfg = Debug|Any CPU
		{56F43E39-6D96-52F8-78C8-9371559D8BE4}.Debug|Any CPU.Build.0 = Debug|Any CPU
		{56F43E39-6D96-52F8-78C8-9371559D8BE4}.Release|Any CPU.ActiveCfg = Release|Any CPU
		{56F43E39-6D96-52F8-78C8-9371559D8BE4}.Release|Any CPU.Build.0 = Release|Any CPU
		{0793FE47-E7F7-10A5-DE18-052663624A46}.Debug|Any CPU.ActiveCfg = Debug|Any CPU
		{0793FE47-E7F7-10A5-DE18-052663624A46}.Debug|Any CPU.Build.0 = Debug|Any CPU
		{0793FE47-E7F7-10A5-DE18-052663624A46}.Release|Any CPU.ActiveCfg = Release|Any CPU
		{0793FE47-E7F7-10A5-DE18-052663624A46}.Release|Any CPU.Build.0 = Release|Any CPU
	EndGlobalSection
	GlobalSection(SolutionProperties) = preSolution
		HideSolutionNode = FALSE
	EndGlobalSection
EndGlobal
